
Microsoft Visual Studio Solution File, Format Version 12.00
# Visual Studio 15
VisualStudioVersion = 15.0.28010.2016
MinimumVisualStudioVersion = 10.0.40219.1
Project("{9A19103F-16F7-4668-BE54-9A1E7A4F7556}") = "MyFootballApi", "MyFootballApi\MyFootballApi.csproj", "{A8A703BE-8185-4924-969E-F4BF75987A3B}"
EndProject
Project("{FAE04EC0-301F-11D3-BF4B-00C04F79EFBC}") = "Tests", "Tests\Tests.csproj", "{7FA82361-84C8-44FD-9288-907BA9909027}"
EndProject
Global
	GlobalSection(SolutionConfigurationPlatforms) = preSolution
		Debug|Any CPU = Debug|Any CPU
		Release|Any CPU = Release|Any CPU
	EndGlobalSection
	GlobalSection(ProjectConfigurationPlatforms) = postSolution
		{A8A703BE-8185-4924-969E-F4BF75987A3B}.Debug|Any CPU.ActiveCfg = Debug|Any CPU
		{A8A703BE-8185-4924-969E-F4BF75987A3B}.Debug|Any CPU.Build.0 = Debug|Any CPU
		{A8A703BE-8185-4924-969E-F4BF75987A3B}.Release|Any CPU.ActiveCfg = Release|Any CPU
		{A8A703BE-8185-4924-969E-F4BF75987A3B}.Release|Any CPU.Build.0 = Release|Any CPU
		{7FA82361-84C8-44FD-9288-907BA9909027}.Debug|Any CPU.ActiveCfg = Debug|Any CPU
		{7FA82361-84C8-44FD-9288-907BA9909027}.Debug|Any CPU.Build.0 = Debug|Any CPU
		{7FA82361-84C8-44FD-9288-907BA9909027}.Release|Any CPU.ActiveCfg = Release|Any CPU
		{7FA82361-84C8-44FD-9288-907BA9909027}.Release|Any CPU.Build.0 = Release|Any CPU
	EndGlobalSection
	GlobalSection(SolutionProperties) = preSolution
		HideSolutionNode = FALSE
	EndGlobalSection
	GlobalSection(ExtensibilityGlobals) = postSolution
		SolutionGuid = {9AF3654C-C374-4E3F-A60B-352B8056CEEF}
	EndGlobalSection
EndGlobal
